
Microsoft Visual Studio Solution File, Format Version 12.00
# Visual Studio Version 16
VisualStudioVersion = 16.0.29509.3
MinimumVisualStudioVersion = 10.0.40219.1
Project("{FAE04EC0-301F-11D3-BF4B-00C04F79EFBC}") = "CursoCSharpContinueGold", "CursoCSharpContinueGold\CursoCSharpContinueGold.csproj", "{FEDB9014-73AF-471E-8807-B0FFE03189F5}"
EndProject
Project("{FAE04EC0-301F-11D3-BF4B-00C04F79EFBC}") = "CursoCSharpContinueGoldAula2", "CursoCSharpContinueGoldAula2\CursoCSharpContinueGoldAula2.csproj", "{532D5174-BEFC-4146-8D39-25F58EC61FF6}"
EndProject
Project("{FAE04EC0-301F-11D3-BF4B-00C04F79EFBC}") = "CursoCSharpContinueGoldAula3", "CursoCSharpContinueGoldAula3\CursoCSharpContinueGoldAula3.csproj", "{FEDF2D74-5A0A-460D-905B-634F4F8980B8}"
EndProject
Project("{FAE04EC0-301F-11D3-BF4B-00C04F79EFBC}") = "CursoCSharpContinueGoldAula4", "CursoCSharpContinueGoldAula4\CursoCSharpContinueGoldAula4.csproj", "{B7F6DA97-218B-4DC4-B88C-5B3BC29E9974}"
EndProject
Project("{FAE04EC0-301F-11D3-BF4B-00C04F79EFBC}") = "CursoCSharpContinueGoldAula5", "CursoCSharpContinueGoldAula5\CursoCSharpContinueGoldAula5.csproj", "{0F65A2BF-4E9F-47DB-AE9E-52E7E6BDD1E0}"
EndProject
Project("{FAE04EC0-301F-11D3-BF4B-00C04F79EFBC}") = "CursoCSharpContinueGoldAula5WinForms", "CursoCSharpContinueGoldAula5WinForms\CursoCSharpContinueGoldAula5WinForms.csproj", "{901119A1-AAFF-4BAD-B041-6738170BA547}"
EndProject
Project("{FAE04EC0-301F-11D3-BF4B-00C04F79EFBC}") = "CursoCSharpContinueGoldAula6WinForms", "CursoCSharpContinueGoldAula6WinForms\CursoCSharpContinueGoldAula6WinForms.csproj", "{2305ED43-FA74-495F-87E0-0087E9142DD8}"
EndProject
Project("{FAE04EC0-301F-11D3-BF4B-00C04F79EFBC}") = "CursoCSharpContinueGoldAula6ConsoleApp", "CursoCSharpContinueGoldAula6ConsoleApp\CursoCSharpContinueGoldAula6ConsoleApp.csproj", "{C3FCA856-D471-407A-85BA-1BC2163CD282}"
EndProject
Project("{FAE04EC0-301F-11D3-BF4B-00C04F79EFBC}") = "CursoCSharpContinueGoldAula7WinForms", "CursoCSharpContinueGoldAula7WinForms\CursoCSharpContinueGoldAula7WinForms.csproj", "{76B46BAD-63F0-400A-81F7-34CD85453984}"
EndProject
Project("{FAE04EC0-301F-11D3-BF4B-00C04F79EFBC}") = "CursoCSharpContinueGoldAula8WinForms", "CursoCSharpContinueGoldAula8WinForms\CursoCSharpContinueGoldAula8WinForms.csproj", "{7221CF93-1474-466E-BE35-462CCCE476DC}"
EndProject
Project("{FAE04EC0-301F-11D3-BF4B-00C04F79EFBC}") = "CursoCSharpContinueGoldAula9WinForms", "CursoCSharpContinueGoldAula9WinForms\CursoCSharpContinueGoldAula9WinForms.csproj", "{BC18794D-5FF7-400B-9BA0-F201F1DF0903}"
EndProject
Project("{FAE04EC0-301F-11D3-BF4B-00C04F79EFBC}") = "CursoCSharpContinueGoldAula9ConsoleApp", "CursoCSharpContinueGoldAula9ConsoleApp\CursoCSharpContinueGoldAula9ConsoleApp.csproj", "{3C58D955-0740-4E21-A786-34F5747C4E4B}"
EndProject
Global
	GlobalSection(SolutionConfigurationPlatforms) = preSolution
		Debug|Any CPU = Debug|Any CPU
		Release|Any CPU = Release|Any CPU
	EndGlobalSection
	GlobalSection(ProjectConfigurationPlatforms) = postSolution
		{FEDB9014-73AF-471E-8807-B0FFE03189F5}.Debug|Any CPU.ActiveCfg = Debug|Any CPU
		{FEDB9014-73AF-471E-8807-B0FFE03189F5}.Debug|Any CPU.Build.0 = Debug|Any CPU
		{FEDB9014-73AF-471E-8807-B0FFE03189F5}.Release|Any CPU.ActiveCfg = Release|Any CPU
		{FEDB9014-73AF-471E-8807-B0FFE03189F5}.Release|Any CPU.Build.0 = Release|Any CPU
		{532D5174-BEFC-4146-8D39-25F58EC61FF6}.Debug|Any CPU.ActiveCfg = Debug|Any CPU
		{532D5174-BEFC-4146-8D39-25F58EC61FF6}.Debug|Any CPU.Build.0 = Debug|Any CPU
		{532D5174-BEFC-4146-8D39-25F58EC61FF6}.Release|Any CPU.ActiveCfg = Release|Any CPU
		{532D5174-BEFC-4146-8D39-25F58EC61FF6}.Release|Any CPU.Build.0 = Release|Any CPU
		{FEDF2D74-5A0A-460D-905B-634F4F8980B8}.Debug|Any CPU.ActiveCfg = Debug|Any CPU
		{FEDF2D74-5A0A-460D-905B-634F4F8980B8}.Debug|Any CPU.Build.0 = Debug|Any CPU
		{FEDF2D74-5A0A-460D-905B-634F4F8980B8}.Release|Any CPU.ActiveCfg = Release|Any CPU
		{FEDF2D74-5A0A-460D-905B-634F4F8980B8}.Release|Any CPU.Build.0 = Release|Any CPU
		{B7F6DA97-218B-4DC4-B88C-5B3BC29E9974}.Debug|Any CPU.ActiveCfg = Debug|Any CPU
		{B7F6DA97-218B-4DC4-B88C-5B3BC29E9974}.Debug|Any CPU.Build.0 = Debug|Any CPU
		{B7F6DA97-218B-4DC4-B88C-5B3BC29E9974}.Release|Any CPU.ActiveCfg = Release|Any CPU
		{B7F6DA97-218B-4DC4-B88C-5B3BC29E9974}.Release|Any CPU.Build.0 = Release|Any CPU
		{0F65A2BF-4E9F-47DB-AE9E-52E7E6BDD1E0}.Debug|Any CPU.ActiveCfg = Debug|Any CPU
		{0F65A2BF-4E9F-47DB-AE9E-52E7E6BDD1E0}.Debug|Any CPU.Build.0 = Debug|Any CPU
		{0F65A2BF-4E9F-47DB-AE9E-52E7E6BDD1E0}.Release|Any CPU.ActiveCfg = Release|Any CPU
		{0F65A2BF-4E9F-47DB-AE9E-52E7E6BDD1E0}.Release|Any CPU.Build.0 = Release|Any CPU
		{901119A1-AAFF-4BAD-B041-6738170BA547}.Debug|Any CPU.ActiveCfg = Debug|Any CPU
		{901119A1-AAFF-4BAD-B041-6738170BA547}.Debug|Any CPU.Build.0 = Debug|Any CPU
		{901119A1-AAFF-4BAD-B041-6738170BA547}.Release|Any CPU.ActiveCfg = Release|Any CPU
		{901119A1-AAFF-4BAD-B041-6738170BA547}.Release|Any CPU.Build.0 = Release|Any CPU
		{2305ED43-FA74-495F-87E0-0087E9142DD8}.Debug|Any CPU.ActiveCfg = Debug|Any CPU
		{2305ED43-FA74-495F-87E0-0087E9142DD8}.Debug|Any CPU.Build.0 = Debug|Any CPU
		{2305ED43-FA74-495F-87E0-0087E9142DD8}.Release|Any CPU.ActiveCfg = Release|Any CPU
		{2305ED43-FA74-495F-87E0-0087E9142DD8}.Release|Any CPU.Build.0 = Release|Any CPU
		{C3FCA856-D471-407A-85BA-1BC2163CD282}.Debug|Any CPU.ActiveCfg = Debug|Any CPU
		{C3FCA856-D471-407A-85BA-1BC2163CD282}.Debug|Any CPU.Build.0 = Debug|Any CPU
		{C3FCA856-D471-407A-85BA-1BC2163CD282}.Release|Any CPU.ActiveCfg = Release|Any CPU
		{C3FCA856-D471-407A-85BA-1BC2163CD282}.Release|Any CPU.Build.0 = Release|Any CPU
		{76B46BAD-63F0-400A-81F7-34CD85453984}.Debug|Any CPU.ActiveCfg = Debug|Any CPU
		{76B46BAD-63F0-400A-81F7-34CD85453984}.Debug|Any CPU.Build.0 = Debug|Any CPU
		{76B46BAD-63F0-400A-81F7-34CD85453984}.Release|Any CPU.ActiveCfg = Release|Any CPU
		{76B46BAD-63F0-400A-81F7-34CD85453984}.Release|Any CPU.Build.0 = Release|Any CPU
		{7221CF93-1474-466E-BE35-462CCCE476DC}.Debug|Any CPU.ActiveCfg = Debug|Any CPU
		{7221CF93-1474-466E-BE35-462CCCE476DC}.Debug|Any CPU.Build.0 = Debug|Any CPU
		{7221CF93-1474-466E-BE35-462CCCE476DC}.Release|Any CPU.ActiveCfg = Release|Any CPU
		{7221CF93-1474-466E-BE35-462CCCE476DC}.Release|Any CPU.Build.0 = Release|Any CPU
		{BC18794D-5FF7-400B-9BA0-F201F1DF0903}.Debug|Any CPU.ActiveCfg = Debug|Any CPU
		{BC18794D-5FF7-400B-9BA0-F201F1DF0903}.Debug|Any CPU.Build.0 = Debug|Any CPU
		{BC18794D-5FF7-400B-9BA0-F201F1DF0903}.Release|Any CPU.ActiveCfg = Release|Any CPU
		{BC18794D-5FF7-400B-9BA0-F201F1DF0903}.Release|Any CPU.Build.0 = Release|Any CPU
		{3C58D955-0740-4E21-A786-34F5747C4E4B}.Debug|Any CPU.ActiveCfg = Debug|Any CPU
		{3C58D955-0740-4E21-A786-34F5747C4E4B}.Debug|Any CPU.Build.0 = Debug|Any CPU
		{3C58D955-0740-4E21-A786-34F5747C4E4B}.Release|Any CPU.ActiveCfg = Release|Any CPU
		{3C58D955-0740-4E21-A786-34F5747C4E4B}.Release|Any CPU.Build.0 = Release|Any CPU
	EndGlobalSection
	GlobalSection(SolutionProperties) = preSolution
		HideSolutionNode = FALSE
	EndGlobalSection
	GlobalSection(ExtensibilityGlobals) = postSolution
		SolutionGuid = {A6BE1042-0690-4DE6-9FAA-8A549B796216}
	EndGlobalSection
EndGlobal
